
Microsoft Visual Studio Solution File, Format Version 12.00
# Visual Studio Version 16
VisualStudioVersion = 16.0.28922.388
MinimumVisualStudioVersion = 10.0.40219.1
Project("{FAE04EC0-301F-11D3-BF4B-00C04F79EFBC}") = "Reversi", "Reversi\Reversi.csproj", "{7B43DBEC-2BCC-49B1-9403-D65062D495F8}"
EndProject
Project("{FAE04EC0-301F-11D3-BF4B-00C04F79EFBC}") = "Strings", "Strings\Strings.csproj", "{D0252569-48A1-4091-A902-3DFC64143B18}"
EndProject
Project("{FAE04EC0-301F-11D3-BF4B-00C04F79EFBC}") = "ReversiSharp", "ReversiSharp\ReversiSharp.csproj", "{C0C3D4AA-16D3-4743-8828-42514AB90D2E}"
EndProject
Global
	GlobalSection(SolutionConfigurationPlatforms) = preSolution
		Debug|Any CPU = Debug|Any CPU
		Release|Any CPU = Release|Any CPU
	EndGlobalSection
	GlobalSection(ProjectConfigurationPlatforms) = postSolution
		{7B43DBEC-2BCC-49B1-9403-D65062D495F8}.Debug|Any CPU.ActiveCfg = Debug|Any CPU
		{7B43DBEC-2BCC-49B1-9403-D65062D495F8}.Debug|Any CPU.Build.0 = Debug|Any CPU
		{7B43DBEC-2BCC-49B1-9403-D65062D495F8}.Release|Any CPU.ActiveCfg = Release|Any CPU
		{7B43DBEC-2BCC-49B1-9403-D65062D495F8}.Release|Any CPU.Build.0 = Release|Any CPU
		{D0252569-48A1-4091-A902-3DFC64143B18}.Debug|Any CPU.ActiveCfg = Debug|Any CPU
		{D0252569-48A1-4091-A902-3DFC64143B18}.Debug|Any CPU.Build.0 = Debug|Any CPU
		{D0252569-48A1-4091-A902-3DFC64143B18}.Release|Any CPU.ActiveCfg = Release|Any CPU
		{D0252569-48A1-4091-A902-3DFC64143B18}.Release|Any CPU.Build.0 = Release|Any CPU
		{C0C3D4AA-16D3-4743-8828-42514AB90D2E}.Debug|Any CPU.ActiveCfg = Debug|Any CPU
		{C0C3D4AA-16D3-4743-8828-42514AB90D2E}.Debug|Any CPU.Build.0 = Debug|Any CPU
		{C0C3D4AA-16D3-4743-8828-42514AB90D2E}.Release|Any CPU.ActiveCfg = Release|Any CPU
		{C0C3D4AA-16D3-4743-8828-42514AB90D2E}.Release|Any CPU.Build.0 = Release|Any CPU
	EndGlobalSection
	GlobalSection(SolutionProperties) = preSolution
		HideSolutionNode = FALSE
	EndGlobalSection
	GlobalSection(ExtensibilityGlobals) = postSolution
		SolutionGuid = {11D42A68-39A7-4F17-979B-324781CDC7C6}
	EndGlobalSection
EndGlobal
