
Microsoft Visual Studio Solution File, Format Version 12.00
# Visual Studio 15
VisualStudioVersion = 15.0.28307.645
MinimumVisualStudioVersion = 10.0.40219.1
Project("{FAE04EC0-301F-11D3-BF4B-00C04F79EFBC}") = "GarageLogic", "Ex03.GarageLogic\Ex03.GarageLogic.csproj", "{63F17112-E218-49EB-926E-B2FEE1537FF8}"
EndProject
Project("{FAE04EC0-301F-11D3-BF4B-00C04F79EFBC}") = "Ex03.ConsoleUI", "Ex03.ConsoleUI\Ex03.ConsoleUI.csproj", "{AF8E6A13-28B4-4AB5-AE28-618998991B90}"
EndProject
Global
	GlobalSection(SolutionConfigurationPlatforms) = preSolution
		Debug|Any CPU = Debug|Any CPU
		Release|Any CPU = Release|Any CPU
	EndGlobalSection
	GlobalSection(ProjectConfigurationPlatforms) = postSolution
		{63F17112-E218-49EB-926E-B2FEE1537FF8}.Debug|Any CPU.ActiveCfg = Debug|Any CPU
		{63F17112-E218-49EB-926E-B2FEE1537FF8}.Debug|Any CPU.Build.0 = Debug|Any CPU
		{63F17112-E218-49EB-926E-B2FEE1537FF8}.Release|Any CPU.ActiveCfg = Release|Any CPU
		{63F17112-E218-49EB-926E-B2FEE1537FF8}.Release|Any CPU.Build.0 = Release|Any CPU
		{AF8E6A13-28B4-4AB5-AE28-618998991B90}.Debug|Any CPU.ActiveCfg = Debug|Any CPU
		{AF8E6A13-28B4-4AB5-AE28-618998991B90}.Debug|Any CPU.Build.0 = Debug|Any CPU
		{AF8E6A13-28B4-4AB5-AE28-618998991B90}.Release|Any CPU.ActiveCfg = Release|Any CPU
		{AF8E6A13-28B4-4AB5-AE28-618998991B90}.Release|Any CPU.Build.0 = Release|Any CPU
	EndGlobalSection
	GlobalSection(SolutionProperties) = preSolution
		HideSolutionNode = FALSE
	EndGlobalSection
	GlobalSection(ExtensibilityGlobals) = postSolution
		SolutionGuid = {6E46CA3C-C856-4358-B56A-4099C038A522}
	EndGlobalSection
EndGlobal
